
Microsoft Visual Studio Solution File, Format Version 11.00
# Visual Studio 2010
Project("{FAE04EC0-301F-11D3-BF4B-00C04F79EFBC}") = "Demiurge.Server", "Server\Demiurge.Server.csproj", "{67406288-1FF9-4312-9388-FE99A256993E}"
	ProjectSection(ProjectDependencies) = postProject
		{49BA1C69-6104-41AC-A5D8-B54FA9F696E8} = {49BA1C69-6104-41AC-A5D8-B54FA9F696E8}
	EndProjectSection
EndProject
Project("{FAE04EC0-301F-11D3-BF4B-00C04F79EFBC}") = "Demiurge.Client", "Client\Demiurge.Client.csproj", "{A86F5FAF-7B8F-4AC0-8140-A033D6293C4F}"
	ProjectSection(ProjectDependencies) = postProject
		{49BA1C69-6104-41AC-A5D8-B54FA9F696E8} = {49BA1C69-6104-41AC-A5D8-B54FA9F696E8}
	EndProjectSection
EndProject
Project("{FAE04EC0-301F-11D3-BF4B-00C04F79EFBC}") = "Lidgren.Network", "..\Lidgren-network-gen3\Lidgren.Network\Lidgren.Network.csproj", "{49BA1C69-6104-41AC-A5D8-B54FA9F696E8}"
EndProject
Global
	GlobalSection(SolutionConfigurationPlatforms) = preSolution
		Debug|Any CPU = Debug|Any CPU
		Debug|Mixed Platforms = Debug|Mixed Platforms
		Debug|x86 = Debug|x86
		Release|Any CPU = Release|Any CPU
		Release|Mixed Platforms = Release|Mixed Platforms
		Release|x86 = Release|x86
	EndGlobalSection
	GlobalSection(ProjectConfigurationPlatforms) = postSolution
		{67406288-1FF9-4312-9388-FE99A256993E}.Debug|Any CPU.ActiveCfg = Debug|x86
		{67406288-1FF9-4312-9388-FE99A256993E}.Debug|Mixed Platforms.ActiveCfg = Debug|x86
		{67406288-1FF9-4312-9388-FE99A256993E}.Debug|Mixed Platforms.Build.0 = Debug|x86
		{67406288-1FF9-4312-9388-FE99A256993E}.Debug|x86.ActiveCfg = Debug|x86
		{67406288-1FF9-4312-9388-FE99A256993E}.Debug|x86.Build.0 = Debug|x86
		{67406288-1FF9-4312-9388-FE99A256993E}.Release|Any CPU.ActiveCfg = Release|x86
		{67406288-1FF9-4312-9388-FE99A256993E}.Release|Mixed Platforms.ActiveCfg = Release|x86
		{67406288-1FF9-4312-9388-FE99A256993E}.Release|Mixed Platforms.Build.0 = Release|x86
		{67406288-1FF9-4312-9388-FE99A256993E}.Release|x86.ActiveCfg = Release|x86
		{67406288-1FF9-4312-9388-FE99A256993E}.Release|x86.Build.0 = Release|x86
		{A86F5FAF-7B8F-4AC0-8140-A033D6293C4F}.Debug|Any CPU.ActiveCfg = Debug|x86
		{A86F5FAF-7B8F-4AC0-8140-A033D6293C4F}.Debug|Mixed Platforms.ActiveCfg = Debug|x86
		{A86F5FAF-7B8F-4AC0-8140-A033D6293C4F}.Debug|Mixed Platforms.Build.0 = Debug|x86
		{A86F5FAF-7B8F-4AC0-8140-A033D6293C4F}.Debug|x86.ActiveCfg = Debug|x86
		{A86F5FAF-7B8F-4AC0-8140-A033D6293C4F}.Debug|x86.Build.0 = Debug|x86
		{A86F5FAF-7B8F-4AC0-8140-A033D6293C4F}.Release|Any CPU.ActiveCfg = Release|x86
		{A86F5FAF-7B8F-4AC0-8140-A033D6293C4F}.Release|Mixed Platforms.ActiveCfg = Release|x86
		{A86F5FAF-7B8F-4AC0-8140-A033D6293C4F}.Release|Mixed Platforms.Build.0 = Release|x86
		{A86F5FAF-7B8F-4AC0-8140-A033D6293C4F}.Release|x86.ActiveCfg = Release|x86
		{A86F5FAF-7B8F-4AC0-8140-A033D6293C4F}.Release|x86.Build.0 = Release|x86
		{49BA1C69-6104-41AC-A5D8-B54FA9F696E8}.Debug|Any CPU.ActiveCfg = Debug|Any CPU
		{49BA1C69-6104-41AC-A5D8-B54FA9F696E8}.Debug|Any CPU.Build.0 = Debug|Any CPU
		{49BA1C69-6104-41AC-A5D8-B54FA9F696E8}.Debug|Mixed Platforms.ActiveCfg = Debug|Any CPU
		{49BA1C69-6104-41AC-A5D8-B54FA9F696E8}.Debug|Mixed Platforms.Build.0 = Debug|Any CPU
		{49BA1C69-6104-41AC-A5D8-B54FA9F696E8}.Debug|x86.ActiveCfg = Debug|Any CPU
		{49BA1C69-6104-41AC-A5D8-B54FA9F696E8}.Release|Any CPU.ActiveCfg = Release|Any CPU
		{49BA1C69-6104-41AC-A5D8-B54FA9F696E8}.Release|Any CPU.Build.0 = Release|Any CPU
		{49BA1C69-6104-41AC-A5D8-B54FA9F696E8}.Release|Mixed Platforms.ActiveCfg = Release|Any CPU
		{49BA1C69-6104-41AC-A5D8-B54FA9F696E8}.Release|Mixed Platforms.Build.0 = Release|Any CPU
		{49BA1C69-6104-41AC-A5D8-B54FA9F696E8}.Release|x86.ActiveCfg = Release|Any CPU
	EndGlobalSection
	GlobalSection(SolutionProperties) = preSolution
		HideSolutionNode = FALSE
	EndGlobalSection
EndGlobal
